{
  "lockfileVersion": 1,
  "workspaces": {
    "": {
      "name": "quickstart",
      "dependencies": {
        "dotenv": "^16.4.7",
        "figlet": "^1.8.0",
      },
      "devDependencies": {
        "@aws-sdk/client-s3": "^3.782.0",
        "@types/bun": "^1.2.9",
        "@types/figlet": "^1.7.0",
      },
      "peerDependencies": {
        "typescript": "^5",
      },
    },
  },
  "packages": {
    "@aws-crypto/crc32": ["@aws-crypto/crc32@5.2.0", "", { "dependencies": { "@aws-crypto/util": "^5.2.0", "@aws-sdk/types": "^3.222.0", "tslib": "^2.6.2" } }, "sha512-nLbCWqQNgUiwwtFsen1AdzAtvuLRsQS8rYgMuxCrdKf9kOssamGLuPwyTY9wyYblNr9+1XM8v6zoDTPPSIeANg=="],

    "@aws-crypto/crc32c": ["@aws-crypto/crc32c@5.2.0", "", { "dependencies": { "@aws-crypto/util": "^5.2.0", "@aws-sdk/types": "^3.222.0", "tslib": "^2.6.2" } }, "sha512-+iWb8qaHLYKrNvGRbiYRHSdKRWhto5XlZUEBwDjYNf+ly5SVYG6zEoYIdxvf5R3zyeP16w4PLBn3rH1xc74Rag=="],

    "@aws-crypto/sha1-browser": ["@aws-crypto/sha1-browser@5.2.0", "", { "dependencies": { "@aws-crypto/supports-web-crypto": "^5.2.0", "@aws-crypto/util": "^5.2.0", "@aws-sdk/types": "^3.222.0", "@aws-sdk/util-locate-window": "^3.0.0", "@smithy/util-utf8": "^2.0.0", "tslib": "^2.6.2" } }, "sha512-OH6lveCFfcDjX4dbAvCFSYUjJZjDr/3XJ3xHtjn3Oj5b9RjojQo8npoLeA/bNwkOkrSQ0wgrHzXk4tDRxGKJeg=="],

    "@aws-crypto/sha256-browser": ["@aws-crypto/sha256-browser@5.2.0", "", { "dependencies": { "@aws-crypto/sha256-js": "^5.2.0", "@aws-crypto/supports-web-crypto": "^5.2.0", "@aws-crypto/util": "^5.2.0", "@aws-sdk/types": "^3.222.0", "@aws-sdk/util-locate-window": "^3.0.0", "@smithy/util-utf8": "^2.0.0", "tslib": "^2.6.2" } }, "sha512-AXfN/lGotSQwu6HNcEsIASo7kWXZ5HYWvfOmSNKDsEqC4OashTp8alTmaz+F7TC2L083SFv5RdB+qU3Vs1kZqw=="],

    "@aws-crypto/sha256-js": ["@aws-crypto/sha256-js@5.2.0", "", { "dependencies": { "@aws-crypto/util": "^5.2.0", "@aws-sdk/types": "^3.222.0", "tslib": "^2.6.2" } }, "sha512-FFQQyu7edu4ufvIZ+OadFpHHOt+eSTBaYaki44c+akjg7qZg9oOQeLlk77F6tSYqjDAFClrHJk9tMf0HdVyOvA=="],

    "@aws-crypto/supports-web-crypto": ["@aws-crypto/supports-web-crypto@5.2.0", "", { "dependencies": { "tslib": "^2.6.2" } }, "sha512-iAvUotm021kM33eCdNfwIN//F77/IADDSs58i+MDaOqFrVjZo9bAal0NK7HurRuWLLpF1iLX7gbWrjHjeo+YFg=="],

    "@aws-crypto/util": ["@aws-crypto/util@5.2.0", "", { "dependencies": { "@aws-sdk/types": "^3.222.0", "@smithy/util-utf8": "^2.0.0", "tslib": "^2.6.2" } }, "sha512-4RkU9EsI6ZpBve5fseQlGNUWKMa1RLPQ1dnjnQoe07ldfIzcsGb5hC5W0Dm7u423KWzawlrpbjXBrXCEv9zazQ=="],

    "@aws-sdk/client-s3": ["@aws-sdk/client-s3@3.782.0", "", { "dependencies": { "@aws-crypto/sha1-browser": "5.2.0", "@aws-crypto/sha256-browser": "5.2.0", "@aws-crypto/sha256-js": "5.2.0", "@aws-sdk/core": "3.775.0", "@aws-sdk/credential-provider-node": "3.782.0", "@aws-sdk/middleware-bucket-endpoint": "3.775.0", "@aws-sdk/middleware-expect-continue": "3.775.0", "@aws-sdk/middleware-flexible-checksums": "3.775.0", "@aws-sdk/middleware-host-header": "3.775.0", "@aws-sdk/middleware-location-constraint": "3.775.0", "@aws-sdk/middleware-logger": "3.775.0", "@aws-sdk/middleware-recursion-detection": "3.775.0", "@aws-sdk/middleware-sdk-s3": "3.775.0", "@aws-sdk/middleware-ssec": "3.775.0", "@aws-sdk/middleware-user-agent": "3.782.0", "@aws-sdk/region-config-resolver": "3.775.0", "@aws-sdk/signature-v4-multi-region": "3.775.0", "@aws-sdk/types": "3.775.0", "@aws-sdk/util-endpoints": "3.782.0", "@aws-sdk/util-user-agent-browser": "3.775.0", "@aws-sdk/util-user-agent-node": "3.782.0", "@aws-sdk/xml-builder": "3.775.0", "@smithy/config-resolver": "^4.1.0", "@smithy/core": "^3.2.0", "@smithy/eventstream-serde-browser": "^4.0.2", "@smithy/eventstream-serde-config-resolver": "^4.1.0", "@smithy/eventstream-serde-node": "^4.0.2", "@smithy/fetch-http-handler": "^5.0.2", "@smithy/hash-blob-browser": "^4.0.2", "@smithy/hash-node": "^4.0.2", "@smithy/hash-stream-node": "^4.0.2", "@smithy/invalid-dependency": "^4.0.2", "@smithy/md5-js": "^4.0.2", "@smithy/middleware-content-length": "^4.0.2", "@smithy/middleware-endpoint": "^4.1.0", "@smithy/middleware-retry": "^4.1.0", "@smithy/middleware-serde": "^4.0.3", "@smithy/middleware-stack": "^4.0.2", "@smithy/node-config-provider": "^4.0.2", "@smithy/node-http-handler": "^4.0.4", "@smithy/protocol-http": "^5.1.0", "@smithy/smithy-client": "^4.2.0", "@smithy/types": "^4.2.0", "@smithy/url-parser": "^4.0.2", "@smithy/util-base64": "^4.0.0", "@smithy/util-body-length-browser": "^4.0.0", "@smithy/util-body-length-node": "^4.0.0", "@smithy/util-defaults-mode-browser": "^4.0.8", "@smithy/util-defaults-mode-node": "^4.0.8", "@smithy/util-endpoints": "^3.0.2", "@smithy/util-middleware": "^4.0.2", "@smithy/util-retry": "^4.0.2", "@smithy/util-stream": "^4.2.0", "@smithy/util-utf8": "^4.0.0", "@smithy/util-waiter": "^4.0.3", "tslib": "^2.6.2" } }, "sha512-V6JR2JAGYQY7J8wk5un5n/ja2nfCUyyoRCF8Du8JL91NGI8i41Mdr/TzuOGwTgFl6RSXb/ge1K1jk30OH4MugQ=="],

    "@aws-sdk/client-sso": ["@aws-sdk/client-sso@3.782.0", "", { "dependencies": { "@aws-crypto/sha256-browser": "5.2.0", "@aws-crypto/sha256-js": "5.2.0", "@aws-sdk/core": "3.775.0", "@aws-sdk/middleware-host-header": "3.775.0", "@aws-sdk/middleware-logger": "3.775.0", "@aws-sdk/middleware-recursion-detection": "3.775.0", "@aws-sdk/middleware-user-agent": "3.782.0", "@aws-sdk/region-config-resolver": "3.775.0", "@aws-sdk/types": "3.775.0", "@aws-sdk/util-endpoints": "3.782.0", "@aws-sdk/util-user-agent-browser": "3.775.0", "@aws-sdk/util-user-agent-node": "3.782.0", "@smithy/config-resolver": "^4.1.0", "@smithy/core": "^3.2.0", "@smithy/fetch-http-handler": "^5.0.2", "@smithy/hash-node": "^4.0.2", "@smithy/invalid-dependency": "^4.0.2", "@smithy/middleware-content-length": "^4.0.2", "@smithy/middleware-endpoint": "^4.1.0", "@smithy/middleware-retry": "^4.1.0", "@smithy/middleware-serde": "^4.0.3", "@smithy/middleware-stack": "^4.0.2", "@smithy/node-config-provider": "^4.0.2", "@smithy/node-http-handler": "^4.0.4", "@smithy/protocol-http": "^5.1.0", "@smithy/smithy-client": "^4.2.0", "@smithy/types": "^4.2.0", "@smithy/url-parser": "^4.0.2", "@smithy/util-base64": "^4.0.0", "@smithy/util-body-length-browser": "^4.0.0", "@smithy/util-body-length-node": "^4.0.0", "@smithy/util-defaults-mode-browser": "^4.0.8", "@smithy/util-defaults-mode-node": "^4.0.8", "@smithy/util-endpoints": "^3.0.2", "@smithy/util-middleware": "^4.0.2", "@smithy/util-retry": "^4.0.2", "@smithy/util-utf8": "^4.0.0", "tslib": "^2.6.2" } }, "sha512-5GlJBejo8wqMpSSEKb45WE82YxI2k73YuebjLH/eWDNQeE6VI5Bh9lA1YQ7xNkLLH8hIsb0pSfKVuwh0VEzVrg=="],

    "@aws-sdk/core": ["@aws-sdk/core@3.775.0", "", { "dependencies": { "@aws-sdk/types": "3.775.0", "@smithy/core": "^3.2.0", "@smithy/node-config-provider": "^4.0.2", "@smithy/property-provider": "^4.0.2", "@smithy/protocol-http": "^5.1.0", "@smithy/signature-v4": "^5.0.2", "@smithy/smithy-client": "^4.2.0", "@smithy/types": "^4.2.0", "@smithy/util-middleware": "^4.0.2", "fast-xml-parser": "4.4.1", "tslib": "^2.6.2" } }, "sha512-8vpW4WihVfz0DX+7WnnLGm3GuQER++b0IwQG35JlQMlgqnc44M//KbJPsIHA0aJUJVwJAEShgfr5dUbY8WUzaA=="],

    "@aws-sdk/credential-provider-env": ["@aws-sdk/credential-provider-env@3.775.0", "", { "dependencies": { "@aws-sdk/core": "3.775.0", "@aws-sdk/types": "3.775.0", "@smithy/property-provider": "^4.0.2", "@smithy/types": "^4.2.0", "tslib": "^2.6.2" } }, "sha512-6ESVxwCbGm7WZ17kY1fjmxQud43vzJFoLd4bmlR+idQSWdqlzGDYdcfzpjDKTcivdtNrVYmFvcH1JBUwCRAZhw=="],

    "@aws-sdk/credential-provider-http": ["@aws-sdk/credential-provider-http@3.775.0", "", { "dependencies": { "@aws-sdk/core": "3.775.0", "@aws-sdk/types": "3.775.0", "@smithy/fetch-http-handler": "^5.0.2", "@smithy/node-http-handler": "^4.0.4", "@smithy/property-provider": "^4.0.2", "@smithy/protocol-http": "^5.1.0", "@smithy/smithy-client": "^4.2.0", "@smithy/types": "^4.2.0", "@smithy/util-stream": "^4.2.0", "tslib": "^2.6.2" } }, "sha512-PjDQeDH/J1S0yWV32wCj2k5liRo0ssXMseCBEkCsD3SqsU8o5cU82b0hMX4sAib/RkglCSZqGO0xMiN0/7ndww=="],

    "@aws-sdk/credential-provider-ini": ["@aws-sdk/credential-provider-ini@3.782.0", "", { "dependencies": { "@aws-sdk/core": "3.775.0", "@aws-sdk/credential-provider-env": "3.775.0", "@aws-sdk/credential-provider-http": "3.775.0", "@aws-sdk/credential-provider-process": "3.775.0", "@aws-sdk/credential-provider-sso": "3.782.0", "@aws-sdk/credential-provider-web-identity": "3.782.0", "@aws-sdk/nested-clients": "3.782.0", "@aws-sdk/types": "3.775.0", "@smithy/credential-provider-imds": "^4.0.2", "@smithy/property-provider": "^4.0.2", "@smithy/shared-ini-file-loader": "^4.0.2", "@smithy/types": "^4.2.0", "tslib": "^2.6.2" } }, "sha512-wd4KdRy2YjLsE4Y7pz00470Iip06GlRHkG4dyLW7/hFMzEO2o7ixswCWp6J2VGZVAX64acknlv2Q0z02ebjmhw=="],

    "@aws-sdk/credential-provider-node": ["@aws-sdk/credential-provider-node@3.782.0", "", { "dependencies": { "@aws-sdk/credential-provider-env": "3.775.0", "@aws-sdk/credential-provider-http": "3.775.0", "@aws-sdk/credential-provider-ini": "3.782.0", "@aws-sdk/credential-provider-process": "3.775.0", "@aws-sdk/credential-provider-sso": "3.782.0", "@aws-sdk/credential-provider-web-identity": "3.782.0", "@aws-sdk/types": "3.775.0", "@smithy/credential-provider-imds": "^4.0.2", "@smithy/property-provider": "^4.0.2", "@smithy/shared-ini-file-loader": "^4.0.2", "@smithy/types": "^4.2.0", "tslib": "^2.6.2" } }, "sha512-HZiAF+TCEyKjju9dgysjiPIWgt/+VerGaeEp18mvKLNfgKz1d+/82A2USEpNKTze7v3cMFASx3CvL8yYyF7mJw=="],

    "@aws-sdk/credential-provider-process": ["@aws-sdk/credential-provider-process@3.775.0", "", { "dependencies": { "@aws-sdk/core": "3.775.0", "@aws-sdk/types": "3.775.0", "@smithy/property-provider": "^4.0.2", "@smithy/shared-ini-file-loader": "^4.0.2", "@smithy/types": "^4.2.0", "tslib": "^2.6.2" } }, "sha512-A6k68H9rQp+2+7P7SGO90Csw6nrUEm0Qfjpn9Etc4EboZhhCLs9b66umUsTsSBHus4FDIe5JQxfCUyt1wgNogg=="],

    "@aws-sdk/credential-provider-sso": ["@aws-sdk/credential-provider-sso@3.782.0", "", { "dependencies": { "@aws-sdk/client-sso": "3.782.0", "@aws-sdk/core": "3.775.0", "@aws-sdk/token-providers": "3.782.0", "@aws-sdk/types": "3.775.0", "@smithy/property-provider": "^4.0.2", "@smithy/shared-ini-file-loader": "^4.0.2", "@smithy/types": "^4.2.0", "tslib": "^2.6.2" } }, "sha512-1y1ucxTtTIGDSNSNxriQY8msinilhe9gGvQpUDYW9gboyC7WQJPDw66imy258V6osdtdi+xoHzVCbCz3WhosMQ=="],

    "@aws-sdk/credential-provider-web-identity": ["@aws-sdk/credential-provider-web-identity@3.782.0", "", { "dependencies": { "@aws-sdk/core": "3.775.0", "@aws-sdk/nested-clients": "3.782.0", "@aws-sdk/types": "3.775.0", "@smithy/property-provider": "^4.0.2", "@smithy/types": "^4.2.0", "tslib": "^2.6.2" } }, "sha512-xCna0opVPaueEbJoclj5C6OpDNi0Gynj+4d7tnuXGgQhTHPyAz8ZyClkVqpi5qvHTgxROdUEDxWqEO5jqRHZHQ=="],

    "@aws-sdk/middleware-bucket-endpoint": ["@aws-sdk/middleware-bucket-endpoint@3.775.0", "", { "dependencies": { "@aws-sdk/types": "3.775.0", "@aws-sdk/util-arn-parser": "3.723.0", "@smithy/node-config-provider": "^4.0.2", "@smithy/protocol-http": "^5.1.0", "@smithy/types": "^4.2.0", "@smithy/util-config-provider": "^4.0.0", "tslib": "^2.6.2" } }, "sha512-qogMIpVChDYr4xiUNC19/RDSw/sKoHkAhouS6Skxiy6s27HBhow1L3Z1qVYXuBmOZGSWPU0xiyZCvOyWrv9s+Q=="],

    "@aws-sdk/middleware-expect-continue": ["@aws-sdk/middleware-expect-continue@3.775.0", "", { "dependencies": { "@aws-sdk/types": "3.775.0", "@smithy/protocol-http": "^5.1.0", "@smithy/types": "^4.2.0", "tslib": "^2.6.2" } }, "sha512-Apd3owkIeUW5dnk3au9np2IdW2N0zc9NjTjHiH+Mx3zqwSrc+m+ANgJVgk9mnQjMzU/vb7VuxJ0eqdEbp5gYsg=="],

    "@aws-sdk/middleware-flexible-checksums": ["@aws-sdk/middleware-flexible-checksums@3.775.0", "", { "dependencies": { "@aws-crypto/crc32": "5.2.0", "@aws-crypto/crc32c": "5.2.0", "@aws-crypto/util": "5.2.0", "@aws-sdk/core": "3.775.0", "@aws-sdk/types": "3.775.0", "@smithy/is-array-buffer": "^4.0.0", "@smithy/node-config-provider": "^4.0.2", "@smithy/protocol-http": "^5.1.0", "@smithy/types": "^4.2.0", "@smithy/util-middleware": "^4.0.2", "@smithy/util-stream": "^4.2.0", "@smithy/util-utf8": "^4.0.0", "tslib": "^2.6.2" } }, "sha512-OmHLfRIb7IIXsf9/X/pMOlcSV3gzW/MmtPSZTkrz5jCTKzWXd7eRoyOJqewjsaC6KMAxIpNU77FoAd16jOZ21A=="],

    "@aws-sdk/middleware-host-header": ["@aws-sdk/middleware-host-header@3.775.0", "", { "dependencies": { "@aws-sdk/types": "3.775.0", "@smithy/protocol-http": "^5.1.0", "@smithy/types": "^4.2.0", "tslib": "^2.6.2" } }, "sha512-tkSegM0Z6WMXpLB8oPys/d+umYIocvO298mGvcMCncpRl77L9XkvSLJIFzaHes+o7djAgIduYw8wKIMStFss2w=="],

    "@aws-sdk/middleware-location-constraint": ["@aws-sdk/middleware-location-constraint@3.775.0", "", { "dependencies": { "@aws-sdk/types": "3.775.0", "@smithy/types": "^4.2.0", "tslib": "^2.6.2" } }, "sha512-8TMXEHZXZTFTckQLyBT5aEI8fX11HZcwZseRifvBKKpj0RZDk4F0EEYGxeNSPpUQ7n+PRWyfAEnnZNRdAj/1NQ=="],

    "@aws-sdk/middleware-logger": ["@aws-sdk/middleware-logger@3.775.0", "", { "dependencies": { "@aws-sdk/types": "3.775.0", "@smithy/types": "^4.2.0", "tslib": "^2.6.2" } }, "sha512-FaxO1xom4MAoUJsldmR92nT1G6uZxTdNYOFYtdHfd6N2wcNaTuxgjIvqzg5y7QIH9kn58XX/dzf1iTjgqUStZw=="],

    "@aws-sdk/middleware-recursion-detection": ["@aws-sdk/middleware-recursion-detection@3.775.0", "", { "dependencies": { "@aws-sdk/types": "3.775.0", "@smithy/protocol-http": "^5.1.0", "@smithy/types": "^4.2.0", "tslib": "^2.6.2" } }, "sha512-GLCzC8D0A0YDG5u3F5U03Vb9j5tcOEFhr8oc6PDk0k0vm5VwtZOE6LvK7hcCSoAB4HXyOUM0sQuXrbaAh9OwXA=="],

    "@aws-sdk/middleware-sdk-s3": ["@aws-sdk/middleware-sdk-s3@3.775.0", "", { "dependencies": { "@aws-sdk/core": "3.775.0", "@aws-sdk/types": "3.775.0", "@aws-sdk/util-arn-parser": "3.723.0", "@smithy/core": "^3.2.0", "@smithy/node-config-provider": "^4.0.2", "@smithy/protocol-http": "^5.1.0", "@smithy/signature-v4": "^5.0.2", "@smithy/smithy-client": "^4.2.0", "@smithy/types": "^4.2.0", "@smithy/util-config-provider": "^4.0.0", "@smithy/util-middleware": "^4.0.2", "@smithy/util-stream": "^4.2.0", "@smithy/util-utf8": "^4.0.0", "tslib": "^2.6.2" } }, "sha512-zsvcu7cWB28JJ60gVvjxPCI7ZU7jWGcpNACPiZGyVtjYXwcxyhXbYEVDSWKsSA6ERpz9XrpLYod8INQWfW3ECg=="],

    "@aws-sdk/middleware-ssec": ["@aws-sdk/middleware-ssec@3.775.0", "", { "dependencies": { "@aws-sdk/types": "3.775.0", "@smithy/types": "^4.2.0", "tslib": "^2.6.2" } }, "sha512-Iw1RHD8vfAWWPzBBIKaojO4GAvQkHOYIpKdAfis/EUSUmSa79QsnXnRqsdcE0mCB0Ylj23yi+ah4/0wh9FsekA=="],

    "@aws-sdk/middleware-user-agent": ["@aws-sdk/middleware-user-agent@3.782.0", "", { "dependencies": { "@aws-sdk/core": "3.775.0", "@aws-sdk/types": "3.775.0", "@aws-sdk/util-endpoints": "3.782.0", "@smithy/core": "^3.2.0", "@smithy/protocol-http": "^5.1.0", "@smithy/types": "^4.2.0", "tslib": "^2.6.2" } }, "sha512-i32H2R6IItX+bQ2p4+v2gGO2jA80jQoJO2m1xjU9rYWQW3+ErWy4I5YIuQHTBfb6hSdAHbaRfqPDgbv9J2rjEg=="],

    "@aws-sdk/nested-clients": ["@aws-sdk/nested-clients@3.782.0", "", { "dependencies": { "@aws-crypto/sha256-browser": "5.2.0", "@aws-crypto/sha256-js": "5.2.0", "@aws-sdk/core": "3.775.0", "@aws-sdk/middleware-host-header": "3.775.0", "@aws-sdk/middleware-logger": "3.775.0", "@aws-sdk/middleware-recursion-detection": "3.775.0", "@aws-sdk/middleware-user-agent": "3.782.0", "@aws-sdk/region-config-resolver": "3.775.0", "@aws-sdk/types": "3.775.0", "@aws-sdk/util-endpoints": "3.782.0", "@aws-sdk/util-user-agent-browser": "3.775.0", "@aws-sdk/util-user-agent-node": "3.782.0", "@smithy/config-resolver": "^4.1.0", "@smithy/core": "^3.2.0", "@smithy/fetch-http-handler": "^5.0.2", "@smithy/hash-node": "^4.0.2", "@smithy/invalid-dependency": "^4.0.2", "@smithy/middleware-content-length": "^4.0.2", "@smithy/middleware-endpoint": "^4.1.0", "@smithy/middleware-retry": "^4.1.0", "@smithy/middleware-serde": "^4.0.3", "@smithy/middleware-stack": "^4.0.2", "@smithy/node-config-provider": "^4.0.2", "@smithy/node-http-handler": "^4.0.4", "@smithy/protocol-http": "^5.1.0", "@smithy/smithy-client": "^4.2.0", "@smithy/types": "^4.2.0", "@smithy/url-parser": "^4.0.2", "@smithy/util-base64": "^4.0.0", "@smithy/util-body-length-browser": "^4.0.0", "@smithy/util-body-length-node": "^4.0.0", "@smithy/util-defaults-mode-browser": "^4.0.8", "@smithy/util-defaults-mode-node": "^4.0.8", "@smithy/util-endpoints": "^3.0.2", "@smithy/util-middleware": "^4.0.2", "@smithy/util-retry": "^4.0.2", "@smithy/util-utf8": "^4.0.0", "tslib": "^2.6.2" } }, "sha512-QOYC8q7luzHFXrP0xYAqBctoPkynjfV0r9dqntFu4/IWMTyC1vlo1UTxFAjIPyclYw92XJyEkVCVg9v/nQnsUA=="],

    "@aws-sdk/region-config-resolver": ["@aws-sdk/region-config-resolver@3.775.0", "", { "dependencies": { "@aws-sdk/types": "3.775.0", "@smithy/node-config-provider": "^4.0.2", "@smithy/types": "^4.2.0", "@smithy/util-config-provider": "^4.0.0", "@smithy/util-middleware": "^4.0.2", "tslib": "^2.6.2" } }, "sha512-40iH3LJjrQS3LKUJAl7Wj0bln7RFPEvUYKFxtP8a+oKFDO0F65F52xZxIJbPn6sHkxWDAnZlGgdjZXM3p2g5wQ=="],

    "@aws-sdk/signature-v4-multi-region": ["@aws-sdk/signature-v4-multi-region@3.775.0", "", { "dependencies": { "@aws-sdk/middleware-sdk-s3": "3.775.0", "@aws-sdk/types": "3.775.0", "@smithy/protocol-http": "^5.1.0", "@smithy/signature-v4": "^5.0.2", "@smithy/types": "^4.2.0", "tslib": "^2.6.2" } }, "sha512-cnGk8GDfTMJ8p7+qSk92QlIk2bmTmFJqhYxcXZ9PysjZtx0xmfCMxnG3Hjy1oU2mt5boPCVSOptqtWixayM17g=="],

    "@aws-sdk/token-providers": ["@aws-sdk/token-providers@3.782.0", "", { "dependencies": { "@aws-sdk/nested-clients": "3.782.0", "@aws-sdk/types": "3.775.0", "@smithy/property-provider": "^4.0.2", "@smithy/shared-ini-file-loader": "^4.0.2", "@smithy/types": "^4.2.0", "tslib": "^2.6.2" } }, "sha512-4tPuk/3+THPrzKaXW4jE2R67UyGwHLFizZ47pcjJWbhb78IIJAy94vbeqEQ+veS84KF5TXcU7g5jGTXC0D70Wg=="],

    "@aws-sdk/types": ["@aws-sdk/types@3.775.0", "", { "dependencies": { "@smithy/types": "^4.2.0", "tslib": "^2.6.2" } }, "sha512-ZoGKwa4C9fC9Av6bdfqcW6Ix5ot05F/S4VxWR2nHuMv7hzfmAjTOcUiWT7UR4hM/U0whf84VhDtXN/DWAk52KA=="],

    "@aws-sdk/util-arn-parser": ["@aws-sdk/util-arn-parser@3.723.0", "", { "dependencies": { "tslib": "^2.6.2" } }, "sha512-ZhEfvUwNliOQROcAk34WJWVYTlTa4694kSVhDSjW6lE1bMataPnIN8A0ycukEzBXmd8ZSoBcQLn6lKGl7XIJ5w=="],

    "@aws-sdk/util-endpoints": ["@aws-sdk/util-endpoints@3.782.0", "", { "dependencies": { "@aws-sdk/types": "3.775.0", "@smithy/types": "^4.2.0", "@smithy/util-endpoints": "^3.0.2", "tslib": "^2.6.2" } }, "sha512-/RJOAO7o7HI6lEa4ASbFFLHGU9iPK876BhsVfnl54MvApPVYWQ9sHO0anOUim2S5lQTwd/6ghuH3rFYSq/+rdw=="],

    "@aws-sdk/util-locate-window": ["@aws-sdk/util-locate-window@3.723.0", "", { "dependencies": { "tslib": "^2.6.2" } }, "sha512-Yf2CS10BqK688DRsrKI/EO6B8ff5J86NXe4C+VCysK7UOgN0l1zOTeTukZ3H8Q9tYYX3oaF1961o8vRkFm7Nmw=="],

    "@aws-sdk/util-user-agent-browser": ["@aws-sdk/util-user-agent-browser@3.775.0", "", { "dependencies": { "@aws-sdk/types": "3.775.0", "@smithy/types": "^4.2.0", "bowser": "^2.11.0", "tslib": "^2.6.2" } }, "sha512-txw2wkiJmZKVdDbscK7VBK+u+TJnRtlUjRTLei+elZg2ADhpQxfVAQl436FUeIv6AhB/oRHW6/K/EAGXUSWi0A=="],

    "@aws-sdk/util-user-agent-node": ["@aws-sdk/util-user-agent-node@3.782.0", "", { "dependencies": { "@aws-sdk/middleware-user-agent": "3.782.0", "@aws-sdk/types": "3.775.0", "@smithy/node-config-provider": "^4.0.2", "@smithy/types": "^4.2.0", "tslib": "^2.6.2" }, "peerDependencies": { "aws-crt": ">=1.0.0" }, "optionalPeers": ["aws-crt"] }, "sha512-dMFkUBgh2Bxuw8fYZQoH/u3H4afQ12VSkzEi//qFiDTwbKYq+u+RYjc8GLDM6JSK1BShMu5AVR7HD4ap1TYUnA=="],

    "@aws-sdk/xml-builder": ["@aws-sdk/xml-builder@3.775.0", "", { "dependencies": { "@smithy/types": "^4.2.0", "tslib": "^2.6.2" } }, "sha512-b9NGO6FKJeLGYnV7Z1yvcP1TNU4dkD5jNsLWOF1/sygZoASaQhNOlaiJ/1OH331YQ1R1oWk38nBb0frsYkDsOQ=="],

    "@smithy/abort-controller": ["@smithy/abort-controller@4.0.2", "", { "dependencies": { "@smithy/types": "^4.2.0", "tslib": "^2.6.2" } }, "sha512-Sl/78VDtgqKxN2+1qduaVE140XF+Xg+TafkncspwM4jFP/LHr76ZHmIY/y3V1M0mMLNk+Je6IGbzxy23RSToMw=="],

    "@smithy/chunked-blob-reader": ["@smithy/chunked-blob-reader@5.0.0", "", { "dependencies": { "tslib": "^2.6.2" } }, "sha512-+sKqDBQqb036hh4NPaUiEkYFkTUGYzRsn3EuFhyfQfMy6oGHEUJDurLP9Ufb5dasr/XiAmPNMr6wa9afjQB+Gw=="],

    "@smithy/chunked-blob-reader-native": ["@smithy/chunked-blob-reader-native@4.0.0", "", { "dependencies": { "@smithy/util-base64": "^4.0.0", "tslib": "^2.6.2" } }, "sha512-R9wM2yPmfEMsUmlMlIgSzOyICs0x9uu7UTHoccMyt7BWw8shcGM8HqB355+BZCPBcySvbTYMs62EgEQkNxz2ig=="],

    "@smithy/config-resolver": ["@smithy/config-resolver@4.1.0", "", { "dependencies": { "@smithy/node-config-provider": "^4.0.2", "@smithy/types": "^4.2.0", "@smithy/util-config-provider": "^4.0.0", "@smithy/util-middleware": "^4.0.2", "tslib": "^2.6.2" } }, "sha512-8smPlwhga22pwl23fM5ew4T9vfLUCeFXlcqNOCD5M5h8VmNPNUE9j6bQSuRXpDSV11L/E/SwEBQuW8hr6+nS1A=="],

    "@smithy/core": ["@smithy/core@3.2.0", "", { "dependencies": { "@smithy/middleware-serde": "^4.0.3", "@smithy/protocol-http": "^5.1.0", "@smithy/types": "^4.2.0", "@smithy/util-body-length-browser": "^4.0.0", "@smithy/util-middleware": "^4.0.2", "@smithy/util-stream": "^4.2.0", "@smithy/util-utf8": "^4.0.0", "tslib": "^2.6.2" } }, "sha512-k17bgQhVZ7YmUvA8at4af1TDpl0NDMBuBKJl8Yg0nrefwmValU+CnA5l/AriVdQNthU/33H3nK71HrLgqOPr1Q=="],

    "@smithy/credential-provider-imds": ["@smithy/credential-provider-imds@4.0.2", "", { "dependencies": { "@smithy/node-config-provider": "^4.0.2", "@smithy/property-provider": "^4.0.2", "@smithy/types": "^4.2.0", "@smithy/url-parser": "^4.0.2", "tslib": "^2.6.2" } }, "sha512-32lVig6jCaWBHnY+OEQ6e6Vnt5vDHaLiydGrwYMW9tPqO688hPGTYRamYJ1EptxEC2rAwJrHWmPoKRBl4iTa8w=="],

    "@smithy/eventstream-codec": ["@smithy/eventstream-codec@4.0.2", "", { "dependencies": { "@aws-crypto/crc32": "5.2.0", "@smithy/types": "^4.2.0", "@smithy/util-hex-encoding": "^4.0.0", "tslib": "^2.6.2" } }, "sha512-p+f2kLSK7ZrXVfskU/f5dzksKTewZk8pJLPvER3aFHPt76C2MxD9vNatSfLzzQSQB4FNO96RK4PSXfhD1TTeMQ=="],

    "@smithy/eventstream-serde-browser": ["@smithy/eventstream-serde-browser@4.0.2", "", { "dependencies": { "@smithy/eventstream-serde-universal": "^4.0.2", "@smithy/types": "^4.2.0", "tslib": "^2.6.2" } }, "sha512-CepZCDs2xgVUtH7ZZ7oDdZFH8e6Y2zOv8iiX6RhndH69nlojCALSKK+OXwZUgOtUZEUaZ5e1hULVCHYbCn7pug=="],

    "@smithy/eventstream-serde-config-resolver": ["@smithy/eventstream-serde-config-resolver@4.1.0", "", { "dependencies": { "@smithy/types": "^4.2.0", "tslib": "^2.6.2" } }, "sha512-1PI+WPZ5TWXrfj3CIoKyUycYynYJgZjuQo8U+sphneOtjsgrttYybdqESFReQrdWJ+LKt6NEdbYzmmfDBmjX2A=="],

    "@smithy/eventstream-serde-node": ["@smithy/eventstream-serde-node@4.0.2", "", { "dependencies": { "@smithy/eventstream-serde-universal": "^4.0.2", "@smithy/types": "^4.2.0", "tslib": "^2.6.2" } }, "sha512-C5bJ/C6x9ENPMx2cFOirspnF9ZsBVnBMtP6BdPl/qYSuUawdGQ34Lq0dMcf42QTjUZgWGbUIZnz6+zLxJlb9aw=="],

    "@smithy/eventstream-serde-universal": ["@smithy/eventstream-serde-universal@4.0.2", "", { "dependencies": { "@smithy/eventstream-codec": "^4.0.2", "@smithy/types": "^4.2.0", "tslib": "^2.6.2" } }, "sha512-St8h9JqzvnbB52FtckiHPN4U/cnXcarMniXRXTKn0r4b4XesZOGiAyUdj1aXbqqn1icSqBlzzUsCl6nPB018ng=="],

    "@smithy/fetch-http-handler": ["@smithy/fetch-http-handler@5.0.2", "", { "dependencies": { "@smithy/protocol-http": "^5.1.0", "@smithy/querystring-builder": "^4.0.2", "@smithy/types": "^4.2.0", "@smithy/util-base64": "^4.0.0", "tslib": "^2.6.2" } }, "sha512-+9Dz8sakS9pe7f2cBocpJXdeVjMopUDLgZs1yWeu7h++WqSbjUYv/JAJwKwXw1HV6gq1jyWjxuyn24E2GhoEcQ=="],

    "@smithy/hash-blob-browser": ["@smithy/hash-blob-browser@4.0.2", "", { "dependencies": { "@smithy/chunked-blob-reader": "^5.0.0", "@smithy/chunked-blob-reader-native": "^4.0.0", "@smithy/types": "^4.2.0", "tslib": "^2.6.2" } }, "sha512-3g188Z3DyhtzfBRxpZjU8R9PpOQuYsbNnyStc/ZVS+9nVX1f6XeNOa9IrAh35HwwIZg+XWk8bFVtNINVscBP+g=="],

    "@smithy/hash-node": ["@smithy/hash-node@4.0.2", "", { "dependencies": { "@smithy/types": "^4.2.0", "@smithy/util-buffer-from": "^4.0.0", "@smithy/util-utf8": "^4.0.0", "tslib": "^2.6.2" } }, "sha512-VnTpYPnRUE7yVhWozFdlxcYknv9UN7CeOqSrMH+V877v4oqtVYuoqhIhtSjmGPvYrYnAkaM61sLMKHvxL138yg=="],

    "@smithy/hash-stream-node": ["@smithy/hash-stream-node@4.0.2", "", { "dependencies": { "@smithy/types": "^4.2.0", "@smithy/util-utf8": "^4.0.0", "tslib": "^2.6.2" } }, "sha512-POWDuTznzbIwlEXEvvXoPMS10y0WKXK790soe57tFRfvf4zBHyzE529HpZMqmDdwG9MfFflnyzndUQ8j78ZdSg=="],

    "@smithy/invalid-dependency": ["@smithy/invalid-dependency@4.0.2", "", { "dependencies": { "@smithy/types": "^4.2.0", "tslib": "^2.6.2" } }, "sha512-GatB4+2DTpgWPday+mnUkoumP54u/MDM/5u44KF9hIu8jF0uafZtQLcdfIKkIcUNuF/fBojpLEHZS/56JqPeXQ=="],

    "@smithy/is-array-buffer": ["@smithy/is-array-buffer@4.0.0", "", { "dependencies": { "tslib": "^2.6.2" } }, "sha512-saYhF8ZZNoJDTvJBEWgeBccCg+yvp1CX+ed12yORU3NilJScfc6gfch2oVb4QgxZrGUx3/ZJlb+c/dJbyupxlw=="],

    "@smithy/md5-js": ["@smithy/md5-js@4.0.2", "", { "dependencies": { "@smithy/types": "^4.2.0", "@smithy/util-utf8": "^4.0.0", "tslib": "^2.6.2" } }, "sha512-Hc0R8EiuVunUewCse2syVgA2AfSRco3LyAv07B/zCOMa+jpXI9ll+Q21Nc6FAlYPcpNcAXqBzMhNs1CD/pP2bA=="],

    "@smithy/middleware-content-length": ["@smithy/middleware-content-length@4.0.2", "", { "dependencies": { "@smithy/protocol-http": "^5.1.0", "@smithy/types": "^4.2.0", "tslib": "^2.6.2" } }, "sha512-hAfEXm1zU+ELvucxqQ7I8SszwQ4znWMbNv6PLMndN83JJN41EPuS93AIyh2N+gJ6x8QFhzSO6b7q2e6oClDI8A=="],

    "@smithy/middleware-endpoint": ["@smithy/middleware-endpoint@4.1.0", "", { "dependencies": { "@smithy/core": "^3.2.0", "@smithy/middleware-serde": "^4.0.3", "@smithy/node-config-provider": "^4.0.2", "@smithy/shared-ini-file-loader": "^4.0.2", "@smithy/types": "^4.2.0", "@smithy/url-parser": "^4.0.2", "@smithy/util-middleware": "^4.0.2", "tslib": "^2.6.2" } }, "sha512-xhLimgNCbCzsUppRTGXWkZywksuTThxaIB0HwbpsVLY5sceac4e1TZ/WKYqufQLaUy+gUSJGNdwD2jo3cXL0iA=="],

    "@smithy/middleware-retry": ["@smithy/middleware-retry@4.1.0", "", { "dependencies": { "@smithy/node-config-provider": "^4.0.2", "@smithy/protocol-http": "^5.1.0", "@smithy/service-error-classification": "^4.0.2", "@smithy/smithy-client": "^4.2.0", "@smithy/types": "^4.2.0", "@smithy/util-middleware": "^4.0.2", "@smithy/util-retry": "^4.0.2", "tslib": "^2.6.2", "uuid": "^9.0.1" } }, "sha512-2zAagd1s6hAaI/ap6SXi5T3dDwBOczOMCSkkYzktqN1+tzbk1GAsHNAdo/1uzxz3Ky02jvZQwbi/vmDA6z4Oyg=="],

    "@smithy/middleware-serde": ["@smithy/middleware-serde@4.0.3", "", { "dependencies": { "@smithy/types": "^4.2.0", "tslib": "^2.6.2" } }, "sha512-rfgDVrgLEVMmMn0BI8O+8OVr6vXzjV7HZj57l0QxslhzbvVfikZbVfBVthjLHqib4BW44QhcIgJpvebHlRaC9A=="],

    "@smithy/middleware-stack": ["@smithy/middleware-stack@4.0.2", "", { "dependencies": { "@smithy/types": "^4.2.0", "tslib": "^2.6.2" } }, "sha512-eSPVcuJJGVYrFYu2hEq8g8WWdJav3sdrI4o2c6z/rjnYDd3xH9j9E7deZQCzFn4QvGPouLngH3dQ+QVTxv5bOQ=="],

    "@smithy/node-config-provider": ["@smithy/node-config-provider@4.0.2", "", { "dependencies": { "@smithy/property-provider": "^4.0.2", "@smithy/shared-ini-file-loader": "^4.0.2", "@smithy/types": "^4.2.0", "tslib": "^2.6.2" } }, "sha512-WgCkILRZfJwJ4Da92a6t3ozN/zcvYyJGUTmfGbgS/FkCcoCjl7G4FJaCDN1ySdvLvemnQeo25FdkyMSTSwulsw=="],

    "@smithy/node-http-handler": ["@smithy/node-http-handler@4.0.4", "", { "dependencies": { "@smithy/abort-controller": "^4.0.2", "@smithy/protocol-http": "^5.1.0", "@smithy/querystring-builder": "^4.0.2", "@smithy/types": "^4.2.0", "tslib": "^2.6.2" } }, "sha512-/mdqabuAT3o/ihBGjL94PUbTSPSRJ0eeVTdgADzow0wRJ0rN4A27EOrtlK56MYiO1fDvlO3jVTCxQtQmK9dZ1g=="],

    "@smithy/property-provider": ["@smithy/property-provider@4.0.2", "", { "dependencies": { "@smithy/types": "^4.2.0", "tslib": "^2.6.2" } }, "sha512-wNRoQC1uISOuNc2s4hkOYwYllmiyrvVXWMtq+TysNRVQaHm4yoafYQyjN/goYZS+QbYlPIbb/QRjaUZMuzwQ7A=="],

    "@smithy/protocol-http": ["@smithy/protocol-http@5.1.0", "", { "dependencies": { "@smithy/types": "^4.2.0", "tslib": "^2.6.2" } }, "sha512-KxAOL1nUNw2JTYrtviRRjEnykIDhxc84qMBzxvu1MUfQfHTuBlCG7PA6EdVwqpJjH7glw7FqQoFxUJSyBQgu7g=="],

    "@smithy/querystring-builder": ["@smithy/querystring-builder@4.0.2", "", { "dependencies": { "@smithy/types": "^4.2.0", "@smithy/util-uri-escape": "^4.0.0", "tslib": "^2.6.2" } }, "sha512-NTOs0FwHw1vimmQM4ebh+wFQvOwkEf/kQL6bSM1Lock+Bv4I89B3hGYoUEPkmvYPkDKyp5UdXJYu+PoTQ3T31Q=="],

    "@smithy/querystring-parser": ["@smithy/querystring-parser@4.0.2", "", { "dependencies": { "@smithy/types": "^4.2.0", "tslib": "^2.6.2" } }, "sha512-v6w8wnmZcVXjfVLjxw8qF7OwESD9wnpjp0Dqry/Pod0/5vcEA3qxCr+BhbOHlxS8O+29eLpT3aagxXGwIoEk7Q=="],

    "@smithy/service-error-classification": ["@smithy/service-error-classification@4.0.2", "", { "dependencies": { "@smithy/types": "^4.2.0" } }, "sha512-LA86xeFpTKn270Hbkixqs5n73S+LVM0/VZco8dqd+JT75Dyx3Lcw/MraL7ybjmz786+160K8rPOmhsq0SocoJQ=="],

    "@smithy/shared-ini-file-loader": ["@smithy/shared-ini-file-loader@4.0.2", "", { "dependencies": { "@smithy/types": "^4.2.0", "tslib": "^2.6.2" } }, "sha512-J9/gTWBGVuFZ01oVA6vdb4DAjf1XbDhK6sLsu3OS9qmLrS6KB5ygpeHiM3miIbj1qgSJ96GYszXFWv6ErJ8QEw=="],

    "@smithy/signature-v4": ["@smithy/signature-v4@5.0.2", "", { "dependencies": { "@smithy/is-array-buffer": "^4.0.0", "@smithy/protocol-http": "^5.1.0", "@smithy/types": "^4.2.0", "@smithy/util-hex-encoding": "^4.0.0", "@smithy/util-middleware": "^4.0.2", "@smithy/util-uri-escape": "^4.0.0", "@smithy/util-utf8": "^4.0.0", "tslib": "^2.6.2" } }, "sha512-Mz+mc7okA73Lyz8zQKJNyr7lIcHLiPYp0+oiqiMNc/t7/Kf2BENs5d63pEj7oPqdjaum6g0Fc8wC78dY1TgtXw=="],

    "@smithy/smithy-client": ["@smithy/smithy-client@4.2.0", "", { "dependencies": { "@smithy/core": "^3.2.0", "@smithy/middleware-endpoint": "^4.1.0", "@smithy/middleware-stack": "^4.0.2", "@smithy/protocol-http": "^5.1.0", "@smithy/types": "^4.2.0", "@smithy/util-stream": "^4.2.0", "tslib": "^2.6.2" } }, "sha512-Qs65/w30pWV7LSFAez9DKy0Koaoh3iHhpcpCCJ4waj/iqwsuSzJna2+vYwq46yBaqO5ZbP9TjUsATUNxrKeBdw=="],

    "@smithy/types": ["@smithy/types@4.2.0", "", { "dependencies": { "tslib": "^2.6.2" } }, "sha512-7eMk09zQKCO+E/ivsjQv+fDlOupcFUCSC/L2YUPgwhvowVGWbPQHjEFcmjt7QQ4ra5lyowS92SV53Zc6XD4+fg=="],

    "@smithy/url-parser": ["@smithy/url-parser@4.0.2", "", { "dependencies": { "@smithy/querystring-parser": "^4.0.2", "@smithy/types": "^4.2.0", "tslib": "^2.6.2" } }, "sha512-Bm8n3j2ScqnT+kJaClSVCMeiSenK6jVAzZCNewsYWuZtnBehEz4r2qP0riZySZVfzB+03XZHJeqfmJDkeeSLiQ=="],

    "@smithy/util-base64": ["@smithy/util-base64@4.0.0", "", { "dependencies": { "@smithy/util-buffer-from": "^4.0.0", "@smithy/util-utf8": "^4.0.0", "tslib": "^2.6.2" } }, "sha512-CvHfCmO2mchox9kjrtzoHkWHxjHZzaFojLc8quxXY7WAAMAg43nuxwv95tATVgQFNDwd4M9S1qFzj40Ul41Kmg=="],

    "@smithy/util-body-length-browser": ["@smithy/util-body-length-browser@4.0.0", "", { "dependencies": { "tslib": "^2.6.2" } }, "sha512-sNi3DL0/k64/LO3A256M+m3CDdG6V7WKWHdAiBBMUN8S3hK3aMPhwnPik2A/a2ONN+9doY9UxaLfgqsIRg69QA=="],

    "@smithy/util-body-length-node": ["@smithy/util-body-length-node@4.0.0", "", { "dependencies": { "tslib": "^2.6.2" } }, "sha512-q0iDP3VsZzqJyje8xJWEJCNIu3lktUGVoSy1KB0UWym2CL1siV3artm+u1DFYTLejpsrdGyCSWBdGNjJzfDPjg=="],

    "@smithy/util-buffer-from": ["@smithy/util-buffer-from@4.0.0", "", { "dependencies": { "@smithy/is-array-buffer": "^4.0.0", "tslib": "^2.6.2" } }, "sha512-9TOQ7781sZvddgO8nxueKi3+yGvkY35kotA0Y6BWRajAv8jjmigQ1sBwz0UX47pQMYXJPahSKEKYFgt+rXdcug=="],

    "@smithy/util-config-provider": ["@smithy/util-config-provider@4.0.0", "", { "dependencies": { "tslib": "^2.6.2" } }, "sha512-L1RBVzLyfE8OXH+1hsJ8p+acNUSirQnWQ6/EgpchV88G6zGBTDPdXiiExei6Z1wR2RxYvxY/XLw6AMNCCt8H3w=="],

    "@smithy/util-defaults-mode-browser": ["@smithy/util-defaults-mode-browser@4.0.8", "", { "dependencies": { "@smithy/property-provider": "^4.0.2", "@smithy/smithy-client": "^4.2.0", "@smithy/types": "^4.2.0", "bowser": "^2.11.0", "tslib": "^2.6.2" } }, "sha512-ZTypzBra+lI/LfTYZeop9UjoJhhGRTg3pxrNpfSTQLd3AJ37r2z4AXTKpq1rFXiiUIJsYyFgNJdjWRGP/cbBaQ=="],

    "@smithy/util-defaults-mode-node": ["@smithy/util-defaults-mode-node@4.0.8", "", { "dependencies": { "@smithy/config-resolver": "^4.1.0", "@smithy/credential-provider-imds": "^4.0.2", "@smithy/node-config-provider": "^4.0.2", "@smithy/property-provider": "^4.0.2", "@smithy/smithy-client": "^4.2.0", "@smithy/types": "^4.2.0", "tslib": "^2.6.2" } }, "sha512-Rgk0Jc/UDfRTzVthye/k2dDsz5Xxs9LZaKCNPgJTRyoyBoeiNCnHsYGOyu1PKN+sDyPnJzMOz22JbwxzBp9NNA=="],

    "@smithy/util-endpoints": ["@smithy/util-endpoints@3.0.2", "", { "dependencies": { "@smithy/node-config-provider": "^4.0.2", "@smithy/types": "^4.2.0", "tslib": "^2.6.2" } }, "sha512-6QSutU5ZyrpNbnd51zRTL7goojlcnuOB55+F9VBD+j8JpRY50IGamsjlycrmpn8PQkmJucFW8A0LSfXj7jjtLQ=="],

    "@smithy/util-hex-encoding": ["@smithy/util-hex-encoding@4.0.0", "", { "dependencies": { "tslib": "^2.6.2" } }, "sha512-Yk5mLhHtfIgW2W2WQZWSg5kuMZCVbvhFmC7rV4IO2QqnZdbEFPmQnCcGMAX2z/8Qj3B9hYYNjZOhWym+RwhePw=="],

    "@smithy/util-middleware": ["@smithy/util-middleware@4.0.2", "", { "dependencies": { "@smithy/types": "^4.2.0", "tslib": "^2.6.2" } }, "sha512-6GDamTGLuBQVAEuQ4yDQ+ti/YINf/MEmIegrEeg7DdB/sld8BX1lqt9RRuIcABOhAGTA50bRbPzErez7SlDtDQ=="],

    "@smithy/util-retry": ["@smithy/util-retry@4.0.2", "", { "dependencies": { "@smithy/service-error-classification": "^4.0.2", "@smithy/types": "^4.2.0", "tslib": "^2.6.2" } }, "sha512-Qryc+QG+7BCpvjloFLQrmlSd0RsVRHejRXd78jNO3+oREueCjwG1CCEH1vduw/ZkM1U9TztwIKVIi3+8MJScGg=="],

    "@smithy/util-stream": ["@smithy/util-stream@4.2.0", "", { "dependencies": { "@smithy/fetch-http-handler": "^5.0.2", "@smithy/node-http-handler": "^4.0.4", "@smithy/types": "^4.2.0", "@smithy/util-base64": "^4.0.0", "@smithy/util-buffer-from": "^4.0.0", "@smithy/util-hex-encoding": "^4.0.0", "@smithy/util-utf8": "^4.0.0", "tslib": "^2.6.2" } }, "sha512-Vj1TtwWnuWqdgQI6YTUF5hQ/0jmFiOYsc51CSMgj7QfyO+RF4EnT2HNjoviNlOOmgzgvf3f5yno+EiC4vrnaWQ=="],

    "@smithy/util-uri-escape": ["@smithy/util-uri-escape@4.0.0", "", { "dependencies": { "tslib": "^2.6.2" } }, "sha512-77yfbCbQMtgtTylO9itEAdpPXSog3ZxMe09AEhm0dU0NLTalV70ghDZFR+Nfi1C60jnJoh/Re4090/DuZh2Omg=="],

    "@smithy/util-utf8": ["@smithy/util-utf8@4.0.0", "", { "dependencies": { "@smithy/util-buffer-from": "^4.0.0", "tslib": "^2.6.2" } }, "sha512-b+zebfKCfRdgNJDknHCob3O7FpeYQN6ZG6YLExMcasDHsCXlsXCEuiPZeLnJLpwa5dvPetGlnGCiMHuLwGvFow=="],

    "@smithy/util-waiter": ["@smithy/util-waiter@4.0.3", "", { "dependencies": { "@smithy/abort-controller": "^4.0.2", "@smithy/types": "^4.2.0", "tslib": "^2.6.2" } }, "sha512-JtaY3FxmD+te+KSI2FJuEcfNC9T/DGGVf551babM7fAaXhjJUt7oSYurH1Devxd2+BOSUACCgt3buinx4UnmEA=="],

    "@types/bun": ["@types/bun@1.2.9", "", { "dependencies": { "bun-types": "1.2.9" } }, "sha512-epShhLGQYc4Bv/aceHbmBhOz1XgUnuTZgcxjxk+WXwNyDXavv5QHD1QEFV0FwbTSQtNq6g4ZcV6y0vZakTjswg=="],

    "@types/figlet": ["@types/figlet@1.7.0", "", {}, "sha512-KwrT7p/8Eo3Op/HBSIwGXOsTZKYiM9NpWRBJ5sVjWP/SmlS+oxxRvJht/FNAtliJvja44N3ul1yATgohnVBV0Q=="],

    "@types/node": ["@types/node@22.14.0", "", { "dependencies": { "undici-types": "~6.21.0" } }, "sha512-Kmpl+z84ILoG+3T/zQFyAJsU6EPTmOCj8/2+83fSN6djd6I4o7uOuGIH6vq3PrjY5BGitSbFuMN18j3iknubbA=="],

    "@types/ws": ["@types/ws@8.18.1", "", { "dependencies": { "@types/node": "*" } }, "sha512-ThVF6DCVhA8kUGy+aazFQ4kXQ7E1Ty7A3ypFOe0IcJV8O/M511G99AW24irKrW56Wt44yG9+ij8FaqoBGkuBXg=="],

    "bowser": ["bowser@2.11.0", "", {}, "sha512-AlcaJBi/pqqJBIQ8U9Mcpc9i8Aqxn88Skv5d+xBX006BY5u8N3mGLHa5Lgppa7L/HfwgwLgZ6NYs+Ag6uUmJRA=="],

    "bun-types": ["bun-types@1.2.9", "", { "dependencies": { "@types/node": "*", "@types/ws": "*" } }, "sha512-dk/kOEfQbajENN/D6FyiSgOKEuUi9PWfqKQJEgwKrCMWbjS/S6tEXp178mWvWAcUSYm9ArDlWHZKO3T/4cLXiw=="],

    "dotenv": ["dotenv@16.4.7", "", {}, "sha512-47qPchRCykZC03FhkYAhrvwU4xDBFIj1QPqaarj6mdM/hgUzfPHcpkHJOn3mJAufFeeAxAzeGsr5X0M4k6fLZQ=="],

    "fast-xml-parser": ["fast-xml-parser@4.4.1", "", { "dependencies": { "strnum": "^1.0.5" }, "bin": { "fxparser": "src/cli/cli.js" } }, "sha512-xkjOecfnKGkSsOwtZ5Pz7Us/T6mrbPQrq0nh+aCO5V9nk5NLWmasAHumTKjiPJPWANe+kAZ84Jc8ooJkzZ88Sw=="],

    "figlet": ["figlet@1.8.0", "", { "bin": { "figlet": "bin/index.js" } }, "sha512-chzvGjd+Sp7KUvPHZv6EXV5Ir3Q7kYNpCr4aHrRW79qFtTefmQZNny+W1pW9kf5zeE6dikku2W50W/wAH2xWgw=="],

    "strnum": ["strnum@1.1.2", "", {}, "sha512-vrN+B7DBIoTTZjnPNewwhx6cBA/H+IS7rfW68n7XxC1y7uoiGQBxaKzqucGUgavX15dJgiGztLJ8vxuEzwqBdA=="],

    "tslib": ["tslib@2.8.1", "", {}, "sha512-oJFu94HQb+KVduSUQL7wnpmqnfmLsOA/nAh6b6EH0wCEoK0/mPeXU6c3wKDV83MkOuHPRHtSXKKU99IBazS/2w=="],

    "typescript": ["typescript@5.8.3", "", { "bin": { "tsc": "bin/tsc", "tsserver": "bin/tsserver" } }, "sha512-p1diW6TqL9L07nNxvRMM7hMMw4c5XOo/1ibL4aAIGmSAt9slTE1Xgw5KWuof2uTOvCg9BY7ZRi+GaF+7sfgPeQ=="],

    "undici-types": ["undici-types@6.21.0", "", {}, "sha512-iwDZqg0QAGrg9Rav5H4n0M64c3mkR59cJ6wQp+7C4nI0gsmExaedaYLNO44eT4AtBBwjbTiGPMlt2Md0T9H9JQ=="],

    "uuid": ["uuid@9.0.1", "", { "bin": { "uuid": "dist/bin/uuid" } }, "sha512-b+1eJOlsR9K8HJpow9Ok3fiWOWSIcIzXodvv0rQjVoOVNpWMpxf1wZNpt4y9h10odCNrqnYp1OBzRktckBe3sA=="],

    "@aws-crypto/sha1-browser/@smithy/util-utf8": ["@smithy/util-utf8@2.3.0", "", { "dependencies": { "@smithy/util-buffer-from": "^2.2.0", "tslib": "^2.6.2" } }, "sha512-R8Rdn8Hy72KKcebgLiv8jQcQkXoLMOGGv5uI1/k0l+snqkOzQ1R0ChUBCxWMlBsFMekWjq0wRudIweFs7sKT5A=="],

    "@aws-crypto/sha256-browser/@smithy/util-utf8": ["@smithy/util-utf8@2.3.0", "", { "dependencies": { "@smithy/util-buffer-from": "^2.2.0", "tslib": "^2.6.2" } }, "sha512-R8Rdn8Hy72KKcebgLiv8jQcQkXoLMOGGv5uI1/k0l+snqkOzQ1R0ChUBCxWMlBsFMekWjq0wRudIweFs7sKT5A=="],

    "@aws-crypto/util/@smithy/util-utf8": ["@smithy/util-utf8@2.3.0", "", { "dependencies": { "@smithy/util-buffer-from": "^2.2.0", "tslib": "^2.6.2" } }, "sha512-R8Rdn8Hy72KKcebgLiv8jQcQkXoLMOGGv5uI1/k0l+snqkOzQ1R0ChUBCxWMlBsFMekWjq0wRudIweFs7sKT5A=="],

    "@aws-crypto/sha1-browser/@smithy/util-utf8/@smithy/util-buffer-from": ["@smithy/util-buffer-from@2.2.0", "", { "dependencies": { "@smithy/is-array-buffer": "^2.2.0", "tslib": "^2.6.2" } }, "sha512-IJdWBbTcMQ6DA0gdNhh/BwrLkDR+ADW5Kr1aZmd4k3DIF6ezMV4R2NIAmT08wQJ3yUK82thHWmC/TnK/wpMMIA=="],

    "@aws-crypto/sha256-browser/@smithy/util-utf8/@smithy/util-buffer-from": ["@smithy/util-buffer-from@2.2.0", "", { "dependencies": { "@smithy/is-array-buffer": "^2.2.0", "tslib": "^2.6.2" } }, "sha512-IJdWBbTcMQ6DA0gdNhh/BwrLkDR+ADW5Kr1aZmd4k3DIF6ezMV4R2NIAmT08wQJ3yUK82thHWmC/TnK/wpMMIA=="],

    "@aws-crypto/util/@smithy/util-utf8/@smithy/util-buffer-from": ["@smithy/util-buffer-from@2.2.0", "", { "dependencies": { "@smithy/is-array-buffer": "^2.2.0", "tslib": "^2.6.2" } }, "sha512-IJdWBbTcMQ6DA0gdNhh/BwrLkDR+ADW5Kr1aZmd4k3DIF6ezMV4R2NIAmT08wQJ3yUK82thHWmC/TnK/wpMMIA=="],

    "@aws-crypto/sha1-browser/@smithy/util-utf8/@smithy/util-buffer-from/@smithy/is-array-buffer": ["@smithy/is-array-buffer@2.2.0", "", { "dependencies": { "tslib": "^2.6.2" } }, "sha512-GGP3O9QFD24uGeAXYUjwSTXARoqpZykHadOmA8G5vfJPK0/DC67qa//0qvqrJzL1xc8WQWX7/yc7fwudjPHPhA=="],

    "@aws-crypto/sha256-browser/@smithy/util-utf8/@smithy/util-buffer-from/@smithy/is-array-buffer": ["@smithy/is-array-buffer@2.2.0", "", { "dependencies": { "tslib": "^2.6.2" } }, "sha512-GGP3O9QFD24uGeAXYUjwSTXARoqpZykHadOmA8G5vfJPK0/DC67qa//0qvqrJzL1xc8WQWX7/yc7fwudjPHPhA=="],

    "@aws-crypto/util/@smithy/util-utf8/@smithy/util-buffer-from/@smithy/is-array-buffer": ["@smithy/is-array-buffer@2.2.0", "", { "dependencies": { "tslib": "^2.6.2" } }, "sha512-GGP3O9QFD24uGeAXYUjwSTXARoqpZykHadOmA8G5vfJPK0/DC67qa//0qvqrJzL1xc8WQWX7/yc7fwudjPHPhA=="],
  }
}
